
Microsoft Visual Studio Solution File, Format Version 12.00
# Visual Studio Version 17
VisualStudioVersion = 17.0.31903.59
MinimumVisualStudioVersion = 10.0.40219.1
Project("{FAE04EC0-301F-11D3-BF4B-00C04F79EFBC}") = "Minimal API", "Minimal API.csproj", "{A7182941-214F-464C-A037-A1742F7EE9FD}"
EndProject
Global
	GlobalSection(SolutionConfigurationPlatforms) = preSolution
		Debug|Any CPU = Debug|Any CPU
		Release|Any CPU = Release|Any CPU
	EndGlobalSection
	GlobalSection(ProjectConfigurationPlatforms) = postSolution
		{A7182941-214F-464C-A037-A1742F7EE9FD}.Debug|Any CPU.ActiveCfg = Debug|Any CPU
		{A7182941-214F-464C-A037-A1742F7EE9FD}.Debug|Any CPU.Build.0 = Debug|Any CPU
		{A7182941-214F-464C-A037-A1742F7EE9FD}.Release|Any CPU.ActiveCfg = Release|Any CPU
		{A7182941-214F-464C-A037-A1742F7EE9FD}.Release|Any CPU.Build.0 = Release|Any CPU
	EndGlobalSection
	GlobalSection(SolutionProperties) = preSolution
		HideSolutionNode = FALSE
	EndGlobalSection
	GlobalSection(ExtensibilityGlobals) = postSolution
		SolutionGuid = {DA228848-566B-4215-B8EC-D68030752A99}
	EndGlobalSection
EndGlobal
