
Microsoft Visual Studio Solution File, Format Version 12.00
# Visual Studio Version 17
VisualStudioVersion = 17.0.31717.71
MinimumVisualStudioVersion = 10.0.40219.1
Project("{FAE04EC0-301F-11D3-BF4B-00C04F79EFBC}") = "Enumerations", "Enumerations\Enumerations.csproj", "{8025DFE0-0D4C-4F9D-943C-F4C8DFD38628}"
EndProject
Project("{FAE04EC0-301F-11D3-BF4B-00C04F79EFBC}") = "Liste", "Liste\Liste.csproj", "{34EA7D8D-3FF1-434B-AE3E-1699178F95D8}"
EndProject
Project("{9A19103F-16F7-4668-BE54-9A1E7A4F7556}") = "Tuple", "Tuple\Tuple.csproj", "{4685F99B-3B2B-4FC6-A706-4C2C04348B40}"
EndProject
Project("{FAE04EC0-301F-11D3-BF4B-00C04F79EFBC}") = "Array", "Array\Array.csproj", "{4710D661-87CC-403B-8D05-E7E167B9C263}"
EndProject
Project("{FAE04EC0-301F-11D3-BF4B-00C04F79EFBC}") = "Classi generiche", "Classi generiche\Classi generiche.csproj", "{B334A8CE-9C45-490F-BA18-A885C2555116}"
EndProject
Global
	GlobalSection(SolutionConfigurationPlatforms) = preSolution
		Debug|Any CPU = Debug|Any CPU
		Release|Any CPU = Release|Any CPU
	EndGlobalSection
	GlobalSection(ProjectConfigurationPlatforms) = postSolution
		{8025DFE0-0D4C-4F9D-943C-F4C8DFD38628}.Debug|Any CPU.ActiveCfg = Debug|Any CPU
		{8025DFE0-0D4C-4F9D-943C-F4C8DFD38628}.Debug|Any CPU.Build.0 = Debug|Any CPU
		{8025DFE0-0D4C-4F9D-943C-F4C8DFD38628}.Release|Any CPU.ActiveCfg = Release|Any CPU
		{8025DFE0-0D4C-4F9D-943C-F4C8DFD38628}.Release|Any CPU.Build.0 = Release|Any CPU
		{34EA7D8D-3FF1-434B-AE3E-1699178F95D8}.Debug|Any CPU.ActiveCfg = Debug|Any CPU
		{34EA7D8D-3FF1-434B-AE3E-1699178F95D8}.Debug|Any CPU.Build.0 = Debug|Any CPU
		{34EA7D8D-3FF1-434B-AE3E-1699178F95D8}.Release|Any CPU.ActiveCfg = Release|Any CPU
		{34EA7D8D-3FF1-434B-AE3E-1699178F95D8}.Release|Any CPU.Build.0 = Release|Any CPU
		{4685F99B-3B2B-4FC6-A706-4C2C04348B40}.Debug|Any CPU.ActiveCfg = Debug|Any CPU
		{4685F99B-3B2B-4FC6-A706-4C2C04348B40}.Debug|Any CPU.Build.0 = Debug|Any CPU
		{4685F99B-3B2B-4FC6-A706-4C2C04348B40}.Release|Any CPU.ActiveCfg = Release|Any CPU
		{4685F99B-3B2B-4FC6-A706-4C2C04348B40}.Release|Any CPU.Build.0 = Release|Any CPU
		{4710D661-87CC-403B-8D05-E7E167B9C263}.Debug|Any CPU.ActiveCfg = Debug|Any CPU
		{4710D661-87CC-403B-8D05-E7E167B9C263}.Debug|Any CPU.Build.0 = Debug|Any CPU
		{4710D661-87CC-403B-8D05-E7E167B9C263}.Release|Any CPU.ActiveCfg = Release|Any CPU
		{4710D661-87CC-403B-8D05-E7E167B9C263}.Release|Any CPU.Build.0 = Release|Any CPU
		{B334A8CE-9C45-490F-BA18-A885C2555116}.Debug|Any CPU.ActiveCfg = Debug|Any CPU
		{B334A8CE-9C45-490F-BA18-A885C2555116}.Debug|Any CPU.Build.0 = Debug|Any CPU
		{B334A8CE-9C45-490F-BA18-A885C2555116}.Release|Any CPU.ActiveCfg = Release|Any CPU
		{B334A8CE-9C45-490F-BA18-A885C2555116}.Release|Any CPU.Build.0 = Release|Any CPU
	EndGlobalSection
	GlobalSection(SolutionProperties) = preSolution
		HideSolutionNode = FALSE
	EndGlobalSection
	GlobalSection(ExtensibilityGlobals) = postSolution
		SolutionGuid = {2F7896F6-58F9-4B38-A8CB-62168C074A41}
	EndGlobalSection
EndGlobal
