
Microsoft Visual Studio Solution File, Format Version 12.00
# Visual Studio Version 17
VisualStudioVersion = 17.0.31903.59
MinimumVisualStudioVersion = 10.0.40219.1
Project("{FAE04EC0-301F-11D3-BF4B-00C04F79EFBC}") = "TodoWebApplicationMVC", "TodoWebApplicationMVC\TodoWebApplicationMVC.csproj", "{66195EDC-523A-4DB3-9A90-2729F804223A}"
EndProject
Global
	GlobalSection(SolutionConfigurationPlatforms) = preSolution
		Debug|Any CPU = Debug|Any CPU
		Release|Any CPU = Release|Any CPU
	EndGlobalSection
	GlobalSection(ProjectConfigurationPlatforms) = postSolution
		{66195EDC-523A-4DB3-9A90-2729F804223A}.Debug|Any CPU.ActiveCfg = Debug|Any CPU
		{66195EDC-523A-4DB3-9A90-2729F804223A}.Debug|Any CPU.Build.0 = Debug|Any CPU
		{66195EDC-523A-4DB3-9A90-2729F804223A}.Release|Any CPU.ActiveCfg = Release|Any CPU
		{66195EDC-523A-4DB3-9A90-2729F804223A}.Release|Any CPU.Build.0 = Release|Any CPU
	EndGlobalSection
	GlobalSection(SolutionProperties) = preSolution
		HideSolutionNode = FALSE
	EndGlobalSection
	GlobalSection(ExtensibilityGlobals) = postSolution
		SolutionGuid = {60AD2616-DC1B-473C-B248-0CFCA34836AB}
	EndGlobalSection
EndGlobal
