
Microsoft Visual Studio Solution File, Format Version 12.00
# Visual Studio Version 17
VisualStudioVersion = 17.0.31808.319
MinimumVisualStudioVersion = 10.0.40219.1
Project("{9A19103F-16F7-4668-BE54-9A1E7A4F7556}") = "AsyncAwait", "AsyncAwait\AsyncAwait.csproj", "{274E4989-F42C-46D2-97CB-9C082A5EB176}"
EndProject
Project("{9A19103F-16F7-4668-BE54-9A1E7A4F7556}") = "AsyncStreams", "AsyncStreams\AsyncStreams.csproj", "{1AB70E58-7FB9-414F-8FEB-2DBF9A7A3F3D}"
EndProject
Project("{9A19103F-16F7-4668-BE54-9A1E7A4F7556}") = "Awaiter", "Async Method Builder\Awaiter.csproj", "{C7239425-D4EF-46BB-B058-58198E3F3F80}"
EndProject
Global
	GlobalSection(SolutionConfigurationPlatforms) = preSolution
		Debug|Any CPU = Debug|Any CPU
		Release|Any CPU = Release|Any CPU
	EndGlobalSection
	GlobalSection(ProjectConfigurationPlatforms) = postSolution
		{274E4989-F42C-46D2-97CB-9C082A5EB176}.Debug|Any CPU.ActiveCfg = Debug|Any CPU
		{274E4989-F42C-46D2-97CB-9C082A5EB176}.Debug|Any CPU.Build.0 = Debug|Any CPU
		{274E4989-F42C-46D2-97CB-9C082A5EB176}.Release|Any CPU.ActiveCfg = Release|Any CPU
		{274E4989-F42C-46D2-97CB-9C082A5EB176}.Release|Any CPU.Build.0 = Release|Any CPU
		{1AB70E58-7FB9-414F-8FEB-2DBF9A7A3F3D}.Debug|Any CPU.ActiveCfg = Debug|Any CPU
		{1AB70E58-7FB9-414F-8FEB-2DBF9A7A3F3D}.Debug|Any CPU.Build.0 = Debug|Any CPU
		{1AB70E58-7FB9-414F-8FEB-2DBF9A7A3F3D}.Release|Any CPU.ActiveCfg = Release|Any CPU
		{1AB70E58-7FB9-414F-8FEB-2DBF9A7A3F3D}.Release|Any CPU.Build.0 = Release|Any CPU
		{C7239425-D4EF-46BB-B058-58198E3F3F80}.Debug|Any CPU.ActiveCfg = Debug|Any CPU
		{C7239425-D4EF-46BB-B058-58198E3F3F80}.Debug|Any CPU.Build.0 = Debug|Any CPU
		{C7239425-D4EF-46BB-B058-58198E3F3F80}.Release|Any CPU.ActiveCfg = Release|Any CPU
		{C7239425-D4EF-46BB-B058-58198E3F3F80}.Release|Any CPU.Build.0 = Release|Any CPU
	EndGlobalSection
	GlobalSection(SolutionProperties) = preSolution
		HideSolutionNode = FALSE
	EndGlobalSection
	GlobalSection(ExtensibilityGlobals) = postSolution
		SolutionGuid = {1974AC3D-0BE5-4A93-A918-56260068896B}
	EndGlobalSection
EndGlobal
