
Microsoft Visual Studio Solution File, Format Version 12.00
# Visual Studio Version 17
VisualStudioVersion = 17.0.31808.319
MinimumVisualStudioVersion = 10.0.40219.1
Project("{9A19103F-16F7-4668-BE54-9A1E7A4F7556}") = "AsyncAwait", "AsyncAwait\AsyncAwait.csproj", "{274E4989-F42C-46D2-97CB-9C082A5EB176}"
EndProject
Project("{9A19103F-16F7-4668-BE54-9A1E7A4F7556}") = "AsyncStreams", "AsyncStreams\AsyncStreams.csproj", "{1AB70E58-7FB9-414F-8FEB-2DBF9A7A3F3D}"
EndProject
Project("{9A19103F-16F7-4668-BE54-9A1E7A4F7556}") = "AsyncWinforms", "AsyncWinforms\AsyncWinforms.csproj", "{AB6477CD-A754-4244-BF32-01493FA37CA1}"
EndProject
Project("{9A19103F-16F7-4668-BE54-9A1E7A4F7556}") = "Awaitable", "Awaitable Awaiter\Awaitable.csproj", "{0951325C-8342-4E95-813F-D352037A6D38}"
EndProject
Project("{9A19103F-16F7-4668-BE54-9A1E7A4F7556}") = "AwaitInCatch", "AwaitInCatch\AwaitInCatch.csproj", "{AF123300-E1CF-4ACB-953B-7B0FBEC1EF14}"
EndProject
Project("{9A19103F-16F7-4668-BE54-9A1E7A4F7556}") = "ChildTasks", "ChildTasks\ChildTasks.csproj", "{6CB43FBF-C698-4D6F-A81F-412E43AC6B9E}"
EndProject
Project("{9A19103F-16F7-4668-BE54-9A1E7A4F7556}") = "Tasks", "Tasks\Tasks.csproj", "{6E90D59E-0023-447A-A173-225726315511}"
EndProject
Project("{FAE04EC0-301F-11D3-BF4B-00C04F79EFBC}") = "LongTasks", "LongTasks\LongTasks.csproj", "{B686F224-A6A8-4925-B2C9-BAED485A5C6B}"
EndProject
Project("{9A19103F-16F7-4668-BE54-9A1E7A4F7556}") = "Multithreading", "Multithreading\Multithreading.csproj", "{581BF7DF-D686-434A-87DA-DD98C41C92D6}"
EndProject
Global
	GlobalSection(SolutionConfigurationPlatforms) = preSolution
		Debug|Any CPU = Debug|Any CPU
		Release|Any CPU = Release|Any CPU
	EndGlobalSection
	GlobalSection(ProjectConfigurationPlatforms) = postSolution
		{274E4989-F42C-46D2-97CB-9C082A5EB176}.Debug|Any CPU.ActiveCfg = Debug|Any CPU
		{274E4989-F42C-46D2-97CB-9C082A5EB176}.Debug|Any CPU.Build.0 = Debug|Any CPU
		{274E4989-F42C-46D2-97CB-9C082A5EB176}.Release|Any CPU.ActiveCfg = Release|Any CPU
		{274E4989-F42C-46D2-97CB-9C082A5EB176}.Release|Any CPU.Build.0 = Release|Any CPU
		{1AB70E58-7FB9-414F-8FEB-2DBF9A7A3F3D}.Debug|Any CPU.ActiveCfg = Debug|Any CPU
		{1AB70E58-7FB9-414F-8FEB-2DBF9A7A3F3D}.Debug|Any CPU.Build.0 = Debug|Any CPU
		{1AB70E58-7FB9-414F-8FEB-2DBF9A7A3F3D}.Release|Any CPU.ActiveCfg = Release|Any CPU
		{1AB70E58-7FB9-414F-8FEB-2DBF9A7A3F3D}.Release|Any CPU.Build.0 = Release|Any CPU
		{AB6477CD-A754-4244-BF32-01493FA37CA1}.Debug|Any CPU.ActiveCfg = Debug|Any CPU
		{AB6477CD-A754-4244-BF32-01493FA37CA1}.Debug|Any CPU.Build.0 = Debug|Any CPU
		{AB6477CD-A754-4244-BF32-01493FA37CA1}.Release|Any CPU.ActiveCfg = Release|Any CPU
		{AB6477CD-A754-4244-BF32-01493FA37CA1}.Release|Any CPU.Build.0 = Release|Any CPU
		{0951325C-8342-4E95-813F-D352037A6D38}.Debug|Any CPU.ActiveCfg = Debug|Any CPU
		{0951325C-8342-4E95-813F-D352037A6D38}.Debug|Any CPU.Build.0 = Debug|Any CPU
		{0951325C-8342-4E95-813F-D352037A6D38}.Release|Any CPU.ActiveCfg = Release|Any CPU
		{0951325C-8342-4E95-813F-D352037A6D38}.Release|Any CPU.Build.0 = Release|Any CPU
		{AF123300-E1CF-4ACB-953B-7B0FBEC1EF14}.Debug|Any CPU.ActiveCfg = Debug|Any CPU
		{AF123300-E1CF-4ACB-953B-7B0FBEC1EF14}.Debug|Any CPU.Build.0 = Debug|Any CPU
		{AF123300-E1CF-4ACB-953B-7B0FBEC1EF14}.Release|Any CPU.ActiveCfg = Release|Any CPU
		{AF123300-E1CF-4ACB-953B-7B0FBEC1EF14}.Release|Any CPU.Build.0 = Release|Any CPU
		{6CB43FBF-C698-4D6F-A81F-412E43AC6B9E}.Debug|Any CPU.ActiveCfg = Debug|Any CPU
		{6CB43FBF-C698-4D6F-A81F-412E43AC6B9E}.Debug|Any CPU.Build.0 = Debug|Any CPU
		{6CB43FBF-C698-4D6F-A81F-412E43AC6B9E}.Release|Any CPU.ActiveCfg = Release|Any CPU
		{6CB43FBF-C698-4D6F-A81F-412E43AC6B9E}.Release|Any CPU.Build.0 = Release|Any CPU
		{6E90D59E-0023-447A-A173-225726315511}.Debug|Any CPU.ActiveCfg = Debug|Any CPU
		{6E90D59E-0023-447A-A173-225726315511}.Debug|Any CPU.Build.0 = Debug|Any CPU
		{6E90D59E-0023-447A-A173-225726315511}.Release|Any CPU.ActiveCfg = Release|Any CPU
		{6E90D59E-0023-447A-A173-225726315511}.Release|Any CPU.Build.0 = Release|Any CPU
		{B686F224-A6A8-4925-B2C9-BAED485A5C6B}.Debug|Any CPU.ActiveCfg = Debug|Any CPU
		{B686F224-A6A8-4925-B2C9-BAED485A5C6B}.Debug|Any CPU.Build.0 = Debug|Any CPU
		{B686F224-A6A8-4925-B2C9-BAED485A5C6B}.Release|Any CPU.ActiveCfg = Release|Any CPU
		{B686F224-A6A8-4925-B2C9-BAED485A5C6B}.Release|Any CPU.Build.0 = Release|Any CPU
		{581BF7DF-D686-434A-87DA-DD98C41C92D6}.Debug|Any CPU.ActiveCfg = Debug|Any CPU
		{581BF7DF-D686-434A-87DA-DD98C41C92D6}.Debug|Any CPU.Build.0 = Debug|Any CPU
		{581BF7DF-D686-434A-87DA-DD98C41C92D6}.Release|Any CPU.ActiveCfg = Release|Any CPU
		{581BF7DF-D686-434A-87DA-DD98C41C92D6}.Release|Any CPU.Build.0 = Release|Any CPU
	EndGlobalSection
	GlobalSection(SolutionProperties) = preSolution
		HideSolutionNode = FALSE
	EndGlobalSection
	GlobalSection(ExtensibilityGlobals) = postSolution
		SolutionGuid = {1974AC3D-0BE5-4A93-A918-56260068896B}
	EndGlobalSection
EndGlobal
