
Microsoft Visual Studio Solution File, Format Version 12.00
# Visual Studio Version 17
VisualStudioVersion = 17.0.31808.319
MinimumVisualStudioVersion = 10.0.40219.1
Project("{9A19103F-16F7-4668-BE54-9A1E7A4F7556}") = "AsyncAwait", "AsyncAwait\AsyncAwait.csproj", "{274E4989-F42C-46D2-97CB-9C082A5EB176}"
EndProject
Project("{9A19103F-16F7-4668-BE54-9A1E7A4F7556}") = "AsyncStreams", "AsyncStreams\AsyncStreams.csproj", "{1AB70E58-7FB9-414F-8FEB-2DBF9A7A3F3D}"
EndProject
Project("{9A19103F-16F7-4668-BE54-9A1E7A4F7556}") = "AsyncWinforms", "AsyncWinforms\AsyncWinforms.csproj", "{54A16CC2-DF81-492F-A31F-ED08AC82D6F1}"
EndProject
Project("{9A19103F-16F7-4668-BE54-9A1E7A4F7556}") = "AwaitInCatch", "AwaitInCatch\AwaitInCatch.csproj", "{AAA13FF1-679A-4932-AC72-9AE36BA5808F}"
EndProject
Project("{9A19103F-16F7-4668-BE54-9A1E7A4F7556}") = "Awaitable", "Awaitable Awaiter\Awaitable.csproj", "{3013E5EF-3CD7-4FC6-A996-6E2754BAB3E2}"
EndProject
Project("{FAE04EC0-301F-11D3-BF4B-00C04F79EFBC}") = "ValueTask", "ValueTask\ValueTask.csproj", "{9330EB02-9D90-4E40-815C-8F8769005F52}"
EndProject
Global
	GlobalSection(SolutionConfigurationPlatforms) = preSolution
		Debug|Any CPU = Debug|Any CPU
		Release|Any CPU = Release|Any CPU
	EndGlobalSection
	GlobalSection(ProjectConfigurationPlatforms) = postSolution
		{274E4989-F42C-46D2-97CB-9C082A5EB176}.Debug|Any CPU.ActiveCfg = Debug|Any CPU
		{274E4989-F42C-46D2-97CB-9C082A5EB176}.Debug|Any CPU.Build.0 = Debug|Any CPU
		{274E4989-F42C-46D2-97CB-9C082A5EB176}.Release|Any CPU.ActiveCfg = Release|Any CPU
		{274E4989-F42C-46D2-97CB-9C082A5EB176}.Release|Any CPU.Build.0 = Release|Any CPU
		{1AB70E58-7FB9-414F-8FEB-2DBF9A7A3F3D}.Debug|Any CPU.ActiveCfg = Debug|Any CPU
		{1AB70E58-7FB9-414F-8FEB-2DBF9A7A3F3D}.Debug|Any CPU.Build.0 = Debug|Any CPU
		{1AB70E58-7FB9-414F-8FEB-2DBF9A7A3F3D}.Release|Any CPU.ActiveCfg = Release|Any CPU
		{1AB70E58-7FB9-414F-8FEB-2DBF9A7A3F3D}.Release|Any CPU.Build.0 = Release|Any CPU
		{54A16CC2-DF81-492F-A31F-ED08AC82D6F1}.Debug|Any CPU.ActiveCfg = Debug|Any CPU
		{54A16CC2-DF81-492F-A31F-ED08AC82D6F1}.Debug|Any CPU.Build.0 = Debug|Any CPU
		{54A16CC2-DF81-492F-A31F-ED08AC82D6F1}.Release|Any CPU.ActiveCfg = Release|Any CPU
		{54A16CC2-DF81-492F-A31F-ED08AC82D6F1}.Release|Any CPU.Build.0 = Release|Any CPU
		{AAA13FF1-679A-4932-AC72-9AE36BA5808F}.Debug|Any CPU.ActiveCfg = Debug|Any CPU
		{AAA13FF1-679A-4932-AC72-9AE36BA5808F}.Debug|Any CPU.Build.0 = Debug|Any CPU
		{AAA13FF1-679A-4932-AC72-9AE36BA5808F}.Release|Any CPU.ActiveCfg = Release|Any CPU
		{AAA13FF1-679A-4932-AC72-9AE36BA5808F}.Release|Any CPU.Build.0 = Release|Any CPU
		{3013E5EF-3CD7-4FC6-A996-6E2754BAB3E2}.Debug|Any CPU.ActiveCfg = Debug|Any CPU
		{3013E5EF-3CD7-4FC6-A996-6E2754BAB3E2}.Debug|Any CPU.Build.0 = Debug|Any CPU
		{3013E5EF-3CD7-4FC6-A996-6E2754BAB3E2}.Release|Any CPU.ActiveCfg = Release|Any CPU
		{3013E5EF-3CD7-4FC6-A996-6E2754BAB3E2}.Release|Any CPU.Build.0 = Release|Any CPU
		{9330EB02-9D90-4E40-815C-8F8769005F52}.Debug|Any CPU.ActiveCfg = Debug|Any CPU
		{9330EB02-9D90-4E40-815C-8F8769005F52}.Debug|Any CPU.Build.0 = Debug|Any CPU
		{9330EB02-9D90-4E40-815C-8F8769005F52}.Release|Any CPU.ActiveCfg = Release|Any CPU
		{9330EB02-9D90-4E40-815C-8F8769005F52}.Release|Any CPU.Build.0 = Release|Any CPU
	EndGlobalSection
	GlobalSection(SolutionProperties) = preSolution
		HideSolutionNode = FALSE
	EndGlobalSection
	GlobalSection(ExtensibilityGlobals) = postSolution
		SolutionGuid = {1974AC3D-0BE5-4A93-A918-56260068896B}
	EndGlobalSection
EndGlobal
