
Microsoft Visual Studio Solution File, Format Version 12.00
# Visual Studio Version 16
VisualStudioVersion = 16.0.28917.182
MinimumVisualStudioVersion = 10.0.40219.1
Project("{9A19103F-16F7-4668-BE54-9A1E7A4F7556}") = "ToDoWebApp", "ToDoWebApp.csproj", "{C7CA0BFE-5691-439A-A16B-C5F8D676F655}"
EndProject
Global
	GlobalSection(SolutionConfigurationPlatforms) = preSolution
		Debug|Any CPU = Debug|Any CPU
		Release|Any CPU = Release|Any CPU
	EndGlobalSection
	GlobalSection(ProjectConfigurationPlatforms) = postSolution
		{C7CA0BFE-5691-439A-A16B-C5F8D676F655}.Debug|Any CPU.ActiveCfg = Debug|Any CPU
		{C7CA0BFE-5691-439A-A16B-C5F8D676F655}.Debug|Any CPU.Build.0 = Debug|Any CPU
		{C7CA0BFE-5691-439A-A16B-C5F8D676F655}.Release|Any CPU.ActiveCfg = Release|Any CPU
		{C7CA0BFE-5691-439A-A16B-C5F8D676F655}.Release|Any CPU.Build.0 = Release|Any CPU
	EndGlobalSection
	GlobalSection(SolutionProperties) = preSolution
		HideSolutionNode = FALSE
	EndGlobalSection
	GlobalSection(ExtensibilityGlobals) = postSolution
		SolutionGuid = {872F6DFD-7D3C-45B6-920B-6F9E200DDAEA}
	EndGlobalSection
EndGlobal
