
Microsoft Visual Studio Solution File, Format Version 12.00
# Visual Studio Version 17
VisualStudioVersion = 17.0.31815.197
MinimumVisualStudioVersion = 10.0.40219.1
Project("{9A19103F-16F7-4668-BE54-9A1E7A4F7556}") = "XmlDocuments", "XmlDocuments\XmlDocuments.csproj", "{11413971-01B9-40FD-9595-031D2FFCE6F7}"
EndProject
Project("{9A19103F-16F7-4668-BE54-9A1E7A4F7556}") = "LinqtoXml", "LinqtoXml\LinqtoXml.csproj", "{272CE7C9-80B0-4AB2-ADE6-93ACD2E013A5}"
EndProject
Project("{9A19103F-16F7-4668-BE54-9A1E7A4F7556}") = "RssReader", "RssReader\RssReader.csproj", "{B7473A75-EBD6-4BDF-81AE-91C80EFCE333}"
EndProject
Project("{9A19103F-16F7-4668-BE54-9A1E7A4F7556}") = "XPath", "XPath\XPath.csproj", "{6C8FD3E8-A4B1-49CF-8DCE-16934391DAB8}"
EndProject
Project("{9A19103F-16F7-4668-BE54-9A1E7A4F7556}") = "Json DOM", "Json DOM\Json DOM.csproj", "{D90D70CB-C0E3-4F5C-834A-37B3562E54BC}"
EndProject
Project("{9A19103F-16F7-4668-BE54-9A1E7A4F7556}") = "JSON Serialization", "JSON Serialization\JSON Serialization.csproj", "{147A17E0-4CE2-4087-8BF1-87FD1CFDEE96}"
EndProject
Project("{2150E333-8FDC-42A3-9474-1A3956D46DE8}") = "Esercizi", "Esercizi", "{ECBD4E37-8096-4673-83E4-5C354C78E045}"
EndProject
Project("{9A19103F-16F7-4668-BE54-9A1E7A4F7556}") = "Ex_14.1", "Esercizi\Ex_14.1\Ex_14.1.csproj", "{B355D687-85B8-4F9A-A14E-66705B0958B7}"
EndProject
Project("{9A19103F-16F7-4668-BE54-9A1E7A4F7556}") = "Ex_14.2", "Esercizi\Ex_14.2\Ex_14.2.csproj", "{02790052-2E65-4648-A60F-1C13D78EADC1}"
EndProject
Project("{9A19103F-16F7-4668-BE54-9A1E7A4F7556}") = "Ex_14.3", "Esercizi\Ex_14.3\Ex_14.3.csproj", "{9B1FDFA4-755E-4587-AFEF-EF17CEAF4799}"
EndProject
Project("{9A19103F-16F7-4668-BE54-9A1E7A4F7556}") = "Ex_14.4", "Esercizi\Ex_14.4\Ex_14.4.csproj", "{F1A3A567-8E90-4CE4-9884-EEDFC5B280DD}"
EndProject
Project("{FAE04EC0-301F-11D3-BF4B-00C04F79EFBC}") = "Ex_14.5", "Esercizi\Ex_14.5\Ex_14.5.csproj", "{F33EA8D0-D4B5-4C6C-8915-EE20195AF785}"
EndProject
Global
	GlobalSection(SolutionConfigurationPlatforms) = preSolution
		Debug|Any CPU = Debug|Any CPU
		Release|Any CPU = Release|Any CPU
	EndGlobalSection
	GlobalSection(ProjectConfigurationPlatforms) = postSolution
		{11413971-01B9-40FD-9595-031D2FFCE6F7}.Debug|Any CPU.ActiveCfg = Debug|Any CPU
		{11413971-01B9-40FD-9595-031D2FFCE6F7}.Debug|Any CPU.Build.0 = Debug|Any CPU
		{11413971-01B9-40FD-9595-031D2FFCE6F7}.Release|Any CPU.ActiveCfg = Release|Any CPU
		{11413971-01B9-40FD-9595-031D2FFCE6F7}.Release|Any CPU.Build.0 = Release|Any CPU
		{272CE7C9-80B0-4AB2-ADE6-93ACD2E013A5}.Debug|Any CPU.ActiveCfg = Debug|Any CPU
		{272CE7C9-80B0-4AB2-ADE6-93ACD2E013A5}.Debug|Any CPU.Build.0 = Debug|Any CPU
		{272CE7C9-80B0-4AB2-ADE6-93ACD2E013A5}.Release|Any CPU.ActiveCfg = Release|Any CPU
		{272CE7C9-80B0-4AB2-ADE6-93ACD2E013A5}.Release|Any CPU.Build.0 = Release|Any CPU
		{B7473A75-EBD6-4BDF-81AE-91C80EFCE333}.Debug|Any CPU.ActiveCfg = Debug|Any CPU
		{B7473A75-EBD6-4BDF-81AE-91C80EFCE333}.Debug|Any CPU.Build.0 = Debug|Any CPU
		{B7473A75-EBD6-4BDF-81AE-91C80EFCE333}.Release|Any CPU.ActiveCfg = Release|Any CPU
		{B7473A75-EBD6-4BDF-81AE-91C80EFCE333}.Release|Any CPU.Build.0 = Release|Any CPU
		{6C8FD3E8-A4B1-49CF-8DCE-16934391DAB8}.Debug|Any CPU.ActiveCfg = Debug|Any CPU
		{6C8FD3E8-A4B1-49CF-8DCE-16934391DAB8}.Debug|Any CPU.Build.0 = Debug|Any CPU
		{6C8FD3E8-A4B1-49CF-8DCE-16934391DAB8}.Release|Any CPU.ActiveCfg = Release|Any CPU
		{6C8FD3E8-A4B1-49CF-8DCE-16934391DAB8}.Release|Any CPU.Build.0 = Release|Any CPU
		{D90D70CB-C0E3-4F5C-834A-37B3562E54BC}.Debug|Any CPU.ActiveCfg = Debug|Any CPU
		{D90D70CB-C0E3-4F5C-834A-37B3562E54BC}.Debug|Any CPU.Build.0 = Debug|Any CPU
		{D90D70CB-C0E3-4F5C-834A-37B3562E54BC}.Release|Any CPU.ActiveCfg = Release|Any CPU
		{D90D70CB-C0E3-4F5C-834A-37B3562E54BC}.Release|Any CPU.Build.0 = Release|Any CPU
		{147A17E0-4CE2-4087-8BF1-87FD1CFDEE96}.Debug|Any CPU.ActiveCfg = Debug|Any CPU
		{147A17E0-4CE2-4087-8BF1-87FD1CFDEE96}.Debug|Any CPU.Build.0 = Debug|Any CPU
		{147A17E0-4CE2-4087-8BF1-87FD1CFDEE96}.Release|Any CPU.ActiveCfg = Release|Any CPU
		{147A17E0-4CE2-4087-8BF1-87FD1CFDEE96}.Release|Any CPU.Build.0 = Release|Any CPU
		{B355D687-85B8-4F9A-A14E-66705B0958B7}.Debug|Any CPU.ActiveCfg = Debug|Any CPU
		{B355D687-85B8-4F9A-A14E-66705B0958B7}.Debug|Any CPU.Build.0 = Debug|Any CPU
		{B355D687-85B8-4F9A-A14E-66705B0958B7}.Release|Any CPU.ActiveCfg = Release|Any CPU
		{B355D687-85B8-4F9A-A14E-66705B0958B7}.Release|Any CPU.Build.0 = Release|Any CPU
		{02790052-2E65-4648-A60F-1C13D78EADC1}.Debug|Any CPU.ActiveCfg = Debug|Any CPU
		{02790052-2E65-4648-A60F-1C13D78EADC1}.Debug|Any CPU.Build.0 = Debug|Any CPU
		{02790052-2E65-4648-A60F-1C13D78EADC1}.Release|Any CPU.ActiveCfg = Release|Any CPU
		{02790052-2E65-4648-A60F-1C13D78EADC1}.Release|Any CPU.Build.0 = Release|Any CPU
		{9B1FDFA4-755E-4587-AFEF-EF17CEAF4799}.Debug|Any CPU.ActiveCfg = Debug|Any CPU
		{9B1FDFA4-755E-4587-AFEF-EF17CEAF4799}.Debug|Any CPU.Build.0 = Debug|Any CPU
		{9B1FDFA4-755E-4587-AFEF-EF17CEAF4799}.Release|Any CPU.ActiveCfg = Release|Any CPU
		{9B1FDFA4-755E-4587-AFEF-EF17CEAF4799}.Release|Any CPU.Build.0 = Release|Any CPU
		{F1A3A567-8E90-4CE4-9884-EEDFC5B280DD}.Debug|Any CPU.ActiveCfg = Debug|Any CPU
		{F1A3A567-8E90-4CE4-9884-EEDFC5B280DD}.Debug|Any CPU.Build.0 = Debug|Any CPU
		{F1A3A567-8E90-4CE4-9884-EEDFC5B280DD}.Release|Any CPU.ActiveCfg = Release|Any CPU
		{F1A3A567-8E90-4CE4-9884-EEDFC5B280DD}.Release|Any CPU.Build.0 = Release|Any CPU
		{F33EA8D0-D4B5-4C6C-8915-EE20195AF785}.Debug|Any CPU.ActiveCfg = Debug|Any CPU
		{F33EA8D0-D4B5-4C6C-8915-EE20195AF785}.Debug|Any CPU.Build.0 = Debug|Any CPU
		{F33EA8D0-D4B5-4C6C-8915-EE20195AF785}.Release|Any CPU.ActiveCfg = Release|Any CPU
		{F33EA8D0-D4B5-4C6C-8915-EE20195AF785}.Release|Any CPU.Build.0 = Release|Any CPU
	EndGlobalSection
	GlobalSection(SolutionProperties) = preSolution
		HideSolutionNode = FALSE
	EndGlobalSection
	GlobalSection(NestedProjects) = preSolution
		{B355D687-85B8-4F9A-A14E-66705B0958B7} = {ECBD4E37-8096-4673-83E4-5C354C78E045}
		{02790052-2E65-4648-A60F-1C13D78EADC1} = {ECBD4E37-8096-4673-83E4-5C354C78E045}
		{9B1FDFA4-755E-4587-AFEF-EF17CEAF4799} = {ECBD4E37-8096-4673-83E4-5C354C78E045}
		{F1A3A567-8E90-4CE4-9884-EEDFC5B280DD} = {ECBD4E37-8096-4673-83E4-5C354C78E045}
		{F33EA8D0-D4B5-4C6C-8915-EE20195AF785} = {ECBD4E37-8096-4673-83E4-5C354C78E045}
	EndGlobalSection
	GlobalSection(ExtensibilityGlobals) = postSolution
		SolutionGuid = {65C32ACB-3BD0-4480-99DF-35EC713E9F07}
	EndGlobalSection
EndGlobal
