
Microsoft Visual Studio Solution File, Format Version 12.00
# Visual Studio Version 17
VisualStudioVersion = 17.0.31903.59
MinimumVisualStudioVersion = 10.0.40219.1
Project("{FAE04EC0-301F-11D3-BF4B-00C04F79EFBC}") = "Hello WebApi", "Hello WebApi.csproj", "{B9545BC9-22FF-4F32-8F29-410232C44C16}"
EndProject
Global
	GlobalSection(SolutionConfigurationPlatforms) = preSolution
		Debug|Any CPU = Debug|Any CPU
		Release|Any CPU = Release|Any CPU
	EndGlobalSection
	GlobalSection(ProjectConfigurationPlatforms) = postSolution
		{B9545BC9-22FF-4F32-8F29-410232C44C16}.Debug|Any CPU.ActiveCfg = Debug|Any CPU
		{B9545BC9-22FF-4F32-8F29-410232C44C16}.Debug|Any CPU.Build.0 = Debug|Any CPU
		{B9545BC9-22FF-4F32-8F29-410232C44C16}.Release|Any CPU.ActiveCfg = Release|Any CPU
		{B9545BC9-22FF-4F32-8F29-410232C44C16}.Release|Any CPU.Build.0 = Release|Any CPU
	EndGlobalSection
	GlobalSection(SolutionProperties) = preSolution
		HideSolutionNode = FALSE
	EndGlobalSection
	GlobalSection(ExtensibilityGlobals) = postSolution
		SolutionGuid = {45253CC9-FF33-42AB-B0A5-DF4ABFA5ECCF}
	EndGlobalSection
EndGlobal
