
Microsoft Visual Studio Solution File, Format Version 12.00
# Visual Studio Version 17
VisualStudioVersion = 17.0.31808.319
MinimumVisualStudioVersion = 10.0.40219.1
Project("{9A19103F-16F7-4668-BE54-9A1E7A4F7556}") = "SourceGeneratorExample", "SourceGeneratorExample.csproj", "{DF9733EF-5FD5-4323-896C-E65E1A6BA2F2}"
EndProject
Project("{FAE04EC0-301F-11D3-BF4B-00C04F79EFBC}") = "SourceGenerators", "..\SourceGenerators\SourceGenerators.csproj", "{3F0A83B8-D8FC-4AE6-9DF1-964DC2692814}"
EndProject
Global
	GlobalSection(SolutionConfigurationPlatforms) = preSolution
		Debug|Any CPU = Debug|Any CPU
		Release|Any CPU = Release|Any CPU
	EndGlobalSection
	GlobalSection(ProjectConfigurationPlatforms) = postSolution
		{DF9733EF-5FD5-4323-896C-E65E1A6BA2F2}.Debug|Any CPU.ActiveCfg = Debug|Any CPU
		{DF9733EF-5FD5-4323-896C-E65E1A6BA2F2}.Debug|Any CPU.Build.0 = Debug|Any CPU
		{DF9733EF-5FD5-4323-896C-E65E1A6BA2F2}.Release|Any CPU.ActiveCfg = Release|Any CPU
		{DF9733EF-5FD5-4323-896C-E65E1A6BA2F2}.Release|Any CPU.Build.0 = Release|Any CPU
		{3F0A83B8-D8FC-4AE6-9DF1-964DC2692814}.Debug|Any CPU.ActiveCfg = Debug|Any CPU
		{3F0A83B8-D8FC-4AE6-9DF1-964DC2692814}.Debug|Any CPU.Build.0 = Debug|Any CPU
		{3F0A83B8-D8FC-4AE6-9DF1-964DC2692814}.Release|Any CPU.ActiveCfg = Release|Any CPU
		{3F0A83B8-D8FC-4AE6-9DF1-964DC2692814}.Release|Any CPU.Build.0 = Release|Any CPU
	EndGlobalSection
	GlobalSection(SolutionProperties) = preSolution
		HideSolutionNode = FALSE
	EndGlobalSection
	GlobalSection(ExtensibilityGlobals) = postSolution
		SolutionGuid = {88E3E331-559E-489E-A68A-AB4956FD1A05}
	EndGlobalSection
EndGlobal
