
Microsoft Visual Studio Solution File, Format Version 12.00
# Visual Studio Version 17
VisualStudioVersion = 17.0.31808.319
MinimumVisualStudioVersion = 10.0.40219.1
Project("{FAE04EC0-301F-11D3-BF4B-00C04F79EFBC}") = "SourceGeneratorExample", "SourceGeneratorExample.csproj", "{DF9733EF-5FD5-4323-896C-E65E1A6BA2F2}"
EndProject
Project("{FAE04EC0-301F-11D3-BF4B-00C04F79EFBC}") = "SourceGenAssembly", "..\SourceGenAssembly\SourceGenAssembly.csproj", "{266BCF70-4E69-4984-A077-5F0086405C33}"
EndProject
Global
	GlobalSection(SolutionConfigurationPlatforms) = preSolution
		Debug|Any CPU = Debug|Any CPU
		Release|Any CPU = Release|Any CPU
	EndGlobalSection
	GlobalSection(ProjectConfigurationPlatforms) = postSolution
		{DF9733EF-5FD5-4323-896C-E65E1A6BA2F2}.Debug|Any CPU.ActiveCfg = Debug|Any CPU
		{DF9733EF-5FD5-4323-896C-E65E1A6BA2F2}.Debug|Any CPU.Build.0 = Debug|Any CPU
		{DF9733EF-5FD5-4323-896C-E65E1A6BA2F2}.Release|Any CPU.ActiveCfg = Release|Any CPU
		{DF9733EF-5FD5-4323-896C-E65E1A6BA2F2}.Release|Any CPU.Build.0 = Release|Any CPU
		{266BCF70-4E69-4984-A077-5F0086405C33}.Debug|Any CPU.ActiveCfg = Debug|Any CPU
		{266BCF70-4E69-4984-A077-5F0086405C33}.Debug|Any CPU.Build.0 = Debug|Any CPU
		{266BCF70-4E69-4984-A077-5F0086405C33}.Release|Any CPU.ActiveCfg = Release|Any CPU
		{266BCF70-4E69-4984-A077-5F0086405C33}.Release|Any CPU.Build.0 = Release|Any CPU
	EndGlobalSection
	GlobalSection(SolutionProperties) = preSolution
		HideSolutionNode = FALSE
	EndGlobalSection
	GlobalSection(ExtensibilityGlobals) = postSolution
		SolutionGuid = {88E3E331-559E-489E-A68A-AB4956FD1A05}
	EndGlobalSection
EndGlobal
