
Microsoft Visual Studio Solution File, Format Version 12.00
# Visual Studio Version 17
VisualStudioVersion = 17.0.31710.8
MinimumVisualStudioVersion = 10.0.40219.1
Project("{9A19103F-16F7-4668-BE54-9A1E7A4F7556}") = "Checked Unchecked", "Checked Unchecked\Checked Unchecked.csproj", "{E8EAA5EE-9793-4623-AB69-C52F055AEAF0}"
EndProject
Project("{9A19103F-16F7-4668-BE54-9A1E7A4F7556}") = "operatore is PatternMatching", "Operatore_is\operatore is PatternMatching.csproj", "{F5D54E9E-F4B3-46AF-AC54-2B9C34AC8BF3}"
EndProject
Project("{9A19103F-16F7-4668-BE54-9A1E7A4F7556}") = "Operatori", "Operatori\Operatori.csproj", "{80884403-9604-4031-B75D-482E08D326CD}"
EndProject
Project("{9A19103F-16F7-4668-BE54-9A1E7A4F7556}") = "Operatori Aritmetici", "Operatori Aritmetici\Operatori Aritmetici.csproj", "{09B99A15-AD9D-4B83-A94F-57A4C222CDB1}"
EndProject
Project("{9A19103F-16F7-4668-BE54-9A1E7A4F7556}") = "Operatori Tipo", "Operatori Tipo\Operatori Tipo.csproj", "{EBC4B85C-0B7E-4E82-93CA-408FD2D5F0CA}"
EndProject
Project("{9A19103F-16F7-4668-BE54-9A1E7A4F7556}") = "Promozioni Numeriche", "PromozioniNumeriche\Promozioni Numeriche.csproj", "{81CD0E51-AD5E-43A8-B0EA-CAD6B39837FC}"
EndProject
Global
	GlobalSection(SolutionConfigurationPlatforms) = preSolution
		Debug|Any CPU = Debug|Any CPU
		Release|Any CPU = Release|Any CPU
	EndGlobalSection
	GlobalSection(ProjectConfigurationPlatforms) = postSolution
		{E8EAA5EE-9793-4623-AB69-C52F055AEAF0}.Debug|Any CPU.ActiveCfg = Debug|Any CPU
		{E8EAA5EE-9793-4623-AB69-C52F055AEAF0}.Debug|Any CPU.Build.0 = Debug|Any CPU
		{E8EAA5EE-9793-4623-AB69-C52F055AEAF0}.Release|Any CPU.ActiveCfg = Release|Any CPU
		{E8EAA5EE-9793-4623-AB69-C52F055AEAF0}.Release|Any CPU.Build.0 = Release|Any CPU
		{F5D54E9E-F4B3-46AF-AC54-2B9C34AC8BF3}.Debug|Any CPU.ActiveCfg = Debug|Any CPU
		{F5D54E9E-F4B3-46AF-AC54-2B9C34AC8BF3}.Debug|Any CPU.Build.0 = Debug|Any CPU
		{F5D54E9E-F4B3-46AF-AC54-2B9C34AC8BF3}.Release|Any CPU.ActiveCfg = Release|Any CPU
		{F5D54E9E-F4B3-46AF-AC54-2B9C34AC8BF3}.Release|Any CPU.Build.0 = Release|Any CPU
		{80884403-9604-4031-B75D-482E08D326CD}.Debug|Any CPU.ActiveCfg = Debug|Any CPU
		{80884403-9604-4031-B75D-482E08D326CD}.Debug|Any CPU.Build.0 = Debug|Any CPU
		{80884403-9604-4031-B75D-482E08D326CD}.Release|Any CPU.ActiveCfg = Release|Any CPU
		{80884403-9604-4031-B75D-482E08D326CD}.Release|Any CPU.Build.0 = Release|Any CPU
		{09B99A15-AD9D-4B83-A94F-57A4C222CDB1}.Debug|Any CPU.ActiveCfg = Debug|Any CPU
		{09B99A15-AD9D-4B83-A94F-57A4C222CDB1}.Debug|Any CPU.Build.0 = Debug|Any CPU
		{09B99A15-AD9D-4B83-A94F-57A4C222CDB1}.Release|Any CPU.ActiveCfg = Release|Any CPU
		{09B99A15-AD9D-4B83-A94F-57A4C222CDB1}.Release|Any CPU.Build.0 = Release|Any CPU
		{EBC4B85C-0B7E-4E82-93CA-408FD2D5F0CA}.Debug|Any CPU.ActiveCfg = Debug|Any CPU
		{EBC4B85C-0B7E-4E82-93CA-408FD2D5F0CA}.Debug|Any CPU.Build.0 = Debug|Any CPU
		{EBC4B85C-0B7E-4E82-93CA-408FD2D5F0CA}.Release|Any CPU.ActiveCfg = Release|Any CPU
		{EBC4B85C-0B7E-4E82-93CA-408FD2D5F0CA}.Release|Any CPU.Build.0 = Release|Any CPU
		{81CD0E51-AD5E-43A8-B0EA-CAD6B39837FC}.Debug|Any CPU.ActiveCfg = Debug|Any CPU
		{81CD0E51-AD5E-43A8-B0EA-CAD6B39837FC}.Debug|Any CPU.Build.0 = Debug|Any CPU
		{81CD0E51-AD5E-43A8-B0EA-CAD6B39837FC}.Release|Any CPU.ActiveCfg = Release|Any CPU
		{81CD0E51-AD5E-43A8-B0EA-CAD6B39837FC}.Release|Any CPU.Build.0 = Release|Any CPU
	EndGlobalSection
	GlobalSection(SolutionProperties) = preSolution
		HideSolutionNode = FALSE
	EndGlobalSection
	GlobalSection(ExtensibilityGlobals) = postSolution
		SolutionGuid = {6A6F3F8D-5D27-429C-A246-8E765A128A45}
	EndGlobalSection
EndGlobal
